
Microsoft Visual Studio Solution File, Format Version 12.00
# Visual Studio Version 17
VisualStudioVersion = 17.8.34330.188
MinimumVisualStudioVersion = 10.0.40219.1
Project("{FAE04EC0-301F-11D3-BF4B-00C04F79EFBC}") = "FoodApplication", "FoodApplication\FoodApplication.csproj", "{9B5CA333-D3B8-470D-AA1E-3EA9721C0C19}"
EndProject
Global
	GlobalSection(SolutionConfigurationPlatforms) = preSolution
		Debug|Any CPU = Debug|Any CPU
		Release|Any CPU = Release|Any CPU
	EndGlobalSection
	GlobalSection(ProjectConfigurationPlatforms) = postSolution
		{9B5CA333-D3B8-470D-AA1E-3EA9721C0C19}.Debug|Any CPU.ActiveCfg = Debug|Any CPU
		{9B5CA333-D3B8-470D-AA1E-3EA9721C0C19}.Debug|Any CPU.Build.0 = Debug|Any CPU
		{9B5CA333-D3B8-470D-AA1E-3EA9721C0C19}.Release|Any CPU.ActiveCfg = Release|Any CPU
		{9B5CA333-D3B8-470D-AA1E-3EA9721C0C19}.Release|Any CPU.Build.0 = Release|Any CPU
	EndGlobalSection
	GlobalSection(SolutionProperties) = preSolution
		HideSolutionNode = FALSE
	EndGlobalSection
	GlobalSection(ExtensibilityGlobals) = postSolution
		SolutionGuid = {86F61F27-7AC8-4EF4-9587-5B3ACB4CDC13}
	EndGlobalSection
EndGlobal
